
Microsoft Visual Studio Solution File, Format Version 12.00
# Visual Studio Version 17
VisualStudioVersion = 17.1.32210.238
MinimumVisualStudioVersion = 10.0.40219.1
Project("{FAE04EC0-301F-11D3-BF4B-00C04F79EFBC}") = "MultipleCompanies", "MultipleCompanies\MultipleCompanies.csproj", "{AFC2D6AD-908D-4A63-BCCC-B838EECBC800}"
EndProject
Global
	GlobalSection(SolutionConfigurationPlatforms) = preSolution
		Debug|Any CPU = Debug|Any CPU
		Release|Any CPU = Release|Any CPU
	EndGlobalSection
	GlobalSection(ProjectConfigurationPlatforms) = postSolution
		{AFC2D6AD-908D-4A63-BCCC-B838EECBC800}.Debug|Any CPU.ActiveCfg = Debug|Any CPU
		{AFC2D6AD-908D-4A63-BCCC-B838EECBC800}.Debug|Any CPU.Build.0 = Debug|Any CPU
		{AFC2D6AD-908D-4A63-BCCC-B838EECBC800}.Release|Any CPU.ActiveCfg = Release|Any CPU
		{AFC2D6AD-908D-4A63-BCCC-B838EECBC800}.Release|Any CPU.Build.0 = Release|Any CPU
	EndGlobalSection
	GlobalSection(SolutionProperties) = preSolution
		HideSolutionNode = FALSE
	EndGlobalSection
	GlobalSection(ExtensibilityGlobals) = postSolution
		SolutionGuid = {95BC9D9C-4BF3-47E5-A1BB-1579C63ED91B}
	EndGlobalSection
EndGlobal
